
Microsoft Visual Studio Solution File, Format Version 12.00
# Visual Studio Version 16
VisualStudioVersion = 16.0.31729.503
MinimumVisualStudioVersion = 10.0.40219.1
Project("{FAE04EC0-301F-11D3-BF4B-00C04F79EFBC}") = "TheMoviesWPF", "TheMoviesWPF\TheMoviesWPF.csproj", "{FB7199FB-3961-4E6F-8A64-1A50A8A60DE6}"
EndProject
Global
	GlobalSection(SolutionConfigurationPlatforms) = preSolution
		Debug|Any CPU = Debug|Any CPU
		Release|Any CPU = Release|Any CPU
	EndGlobalSection
	GlobalSection(ProjectConfigurationPlatforms) = postSolution
		{FB7199FB-3961-4E6F-8A64-1A50A8A60DE6}.Debug|Any CPU.ActiveCfg = Debug|Any CPU
		{FB7199FB-3961-4E6F-8A64-1A50A8A60DE6}.Debug|Any CPU.Build.0 = Debug|Any CPU
		{FB7199FB-3961-4E6F-8A64-1A50A8A60DE6}.Release|Any CPU.ActiveCfg = Release|Any CPU
		{FB7199FB-3961-4E6F-8A64-1A50A8A60DE6}.Release|Any CPU.Build.0 = Release|Any CPU
	EndGlobalSection
	GlobalSection(SolutionProperties) = preSolution
		HideSolutionNode = FALSE
	EndGlobalSection
	GlobalSection(ExtensibilityGlobals) = postSolution
		SolutionGuid = {39A33437-E207-4BB2-BF4C-651E64205AF2}
	EndGlobalSection
EndGlobal
